
Microsoft Visual Studio Solution File, Format Version 12.00
# Visual Studio Version 17
VisualStudioVersion = 17.14.36518.9 d17.14
MinimumVisualStudioVersion = 10.0.40219.1
Project("{FAE04EC0-301F-11D3-BF4B-00C04F79EFBC}") = "SDH", "SDH\SDH.csproj", "{AC05E9BA-5942-4942-BAEB-73AADCCA25A8}"
EndProject
Global
	GlobalSection(SolutionConfigurationPlatforms) = preSolution
		Debug|Any CPU = Debug|Any CPU
		Release|Any CPU = Release|Any CPU
	EndGlobalSection
	GlobalSection(ProjectConfigurationPlatforms) = postSolution
		{AC05E9BA-5942-4942-BAEB-73AADCCA25A8}.Debug|Any CPU.ActiveCfg = Debug|Any CPU
		{AC05E9BA-5942-4942-BAEB-73AADCCA25A8}.Debug|Any CPU.Build.0 = Debug|Any CPU
		{AC05E9BA-5942-4942-BAEB-73AADCCA25A8}.Release|Any CPU.ActiveCfg = Release|Any CPU
		{AC05E9BA-5942-4942-BAEB-73AADCCA25A8}.Release|Any CPU.Build.0 = Release|Any CPU
	EndGlobalSection
	GlobalSection(SolutionProperties) = preSolution
		HideSolutionNode = FALSE
	EndGlobalSection
	GlobalSection(ExtensibilityGlobals) = postSolution
		SolutionGuid = {2EBF444D-348F-4D8E-894C-DB218548DA57}
	EndGlobalSection
EndGlobal
